
Microsoft Visual Studio Solution File, Format Version 12.00
# Visual Studio Version 17
VisualStudioVersion = 17.8.34309.116
MinimumVisualStudioVersion = 10.0.40219.1
Project("{9A19103F-16F7-4668-BE54-9A1E7A4F7556}") = "BxlNet_DemoRepository", "BxlNet_DemoRepository\BxlNet_DemoRepository.csproj", "{C06990C2-8556-4CD0-B582-BBD513523B2E}"
EndProject
Project("{FAE04EC0-301F-11D3-BF4B-00C04F79EFBC}") = "BxlNet_DemoRepository.Models", "BxlNet_DemoRepository.Models\BxlNet_DemoRepository.Models.csproj", "{721195D9-AB56-4C6F-B697-6F2671180025}"
EndProject
Project("{2150E333-8FDC-42A3-9474-1A3956D46DE8}") = "00 Applications", "00 Applications", "{62F4A35B-0510-44D8-8589-3A325314D90A}"
EndProject
Project("{FAE04EC0-301F-11D3-BF4B-00C04F79EFBC}") = "BxlNet_DemoRepository.Api", "BxlNet_DemoRepository.Api\BxlNet_DemoRepository.Api.csproj", "{B0A10CB6-86EE-4EB7-BD32-3059232DEE6F}"
EndProject
Project("{2150E333-8FDC-42A3-9474-1A3956D46DE8}") = "01 Domain", "01 Domain", "{DE257D8E-B416-404F-8E3A-D9BE89947201}"
EndProject
Project("{2150E333-8FDC-42A3-9474-1A3956D46DE8}") = "99 Tools", "99 Tools", "{72C29514-67B3-457D-891C-367D2D5B45DD}"
EndProject
Project("{FAE04EC0-301F-11D3-BF4B-00C04F79EFBC}") = "Tools", "Tools\Tools.csproj", "{9F66FDC9-AD29-45AE-910B-7277219E6C1B}"
EndProject
Global
	GlobalSection(SolutionConfigurationPlatforms) = preSolution
		Debug|Any CPU = Debug|Any CPU
		Release|Any CPU = Release|Any CPU
	EndGlobalSection
	GlobalSection(ProjectConfigurationPlatforms) = postSolution
		{C06990C2-8556-4CD0-B582-BBD513523B2E}.Debug|Any CPU.ActiveCfg = Debug|Any CPU
		{C06990C2-8556-4CD0-B582-BBD513523B2E}.Debug|Any CPU.Build.0 = Debug|Any CPU
		{C06990C2-8556-4CD0-B582-BBD513523B2E}.Release|Any CPU.ActiveCfg = Release|Any CPU
		{C06990C2-8556-4CD0-B582-BBD513523B2E}.Release|Any CPU.Build.0 = Release|Any CPU
		{721195D9-AB56-4C6F-B697-6F2671180025}.Debug|Any CPU.ActiveCfg = Debug|Any CPU
		{721195D9-AB56-4C6F-B697-6F2671180025}.Debug|Any CPU.Build.0 = Debug|Any CPU
		{721195D9-AB56-4C6F-B697-6F2671180025}.Release|Any CPU.ActiveCfg = Release|Any CPU
		{721195D9-AB56-4C6F-B697-6F2671180025}.Release|Any CPU.Build.0 = Release|Any CPU
		{B0A10CB6-86EE-4EB7-BD32-3059232DEE6F}.Debug|Any CPU.ActiveCfg = Debug|Any CPU
		{B0A10CB6-86EE-4EB7-BD32-3059232DEE6F}.Debug|Any CPU.Build.0 = Debug|Any CPU
		{B0A10CB6-86EE-4EB7-BD32-3059232DEE6F}.Release|Any CPU.ActiveCfg = Release|Any CPU
		{B0A10CB6-86EE-4EB7-BD32-3059232DEE6F}.Release|Any CPU.Build.0 = Release|Any CPU
		{9F66FDC9-AD29-45AE-910B-7277219E6C1B}.Debug|Any CPU.ActiveCfg = Debug|Any CPU
		{9F66FDC9-AD29-45AE-910B-7277219E6C1B}.Debug|Any CPU.Build.0 = Debug|Any CPU
		{9F66FDC9-AD29-45AE-910B-7277219E6C1B}.Release|Any CPU.ActiveCfg = Release|Any CPU
		{9F66FDC9-AD29-45AE-910B-7277219E6C1B}.Release|Any CPU.Build.0 = Release|Any CPU
	EndGlobalSection
	GlobalSection(SolutionProperties) = preSolution
		HideSolutionNode = FALSE
	EndGlobalSection
	GlobalSection(NestedProjects) = preSolution
		{C06990C2-8556-4CD0-B582-BBD513523B2E} = {62F4A35B-0510-44D8-8589-3A325314D90A}
		{721195D9-AB56-4C6F-B697-6F2671180025} = {DE257D8E-B416-404F-8E3A-D9BE89947201}
		{B0A10CB6-86EE-4EB7-BD32-3059232DEE6F} = {62F4A35B-0510-44D8-8589-3A325314D90A}
		{9F66FDC9-AD29-45AE-910B-7277219E6C1B} = {72C29514-67B3-457D-891C-367D2D5B45DD}
	EndGlobalSection
	GlobalSection(ExtensibilityGlobals) = postSolution
		SolutionGuid = {465FE57C-8618-433A-AD8B-4C2DE7463014}
	EndGlobalSection
EndGlobal
